
Microsoft Visual Studio Solution File, Format Version 12.00
# Visual Studio Version 17
VisualStudioVersion = 17.13.35919.96
MinimumVisualStudioVersion = 10.0.40219.1
Project("{FAE04EC0-301F-11D3-BF4B-00C04F79EFBC}") = "Library.API", "Library.API\Library.API.csproj", "{0276D0E4-993B-44D6-8A83-5AAE8DFA55DB}"
EndProject
Project("{FAE04EC0-301F-11D3-BF4B-00C04F79EFBC}") = "Library.Application", "Library.Application\Library.Application.csproj", "{63D8D175-22DF-4384-9AC0-492CCFE0640F}"
EndProject
Project("{FAE04EC0-301F-11D3-BF4B-00C04F79EFBC}") = "Library.Core", "Library.Domain\Library.Core.csproj", "{23AA8ACC-0CB8-4979-9B56-CF6A51B0C9D3}"
EndProject
Global
	GlobalSection(SolutionConfigurationPlatforms) = preSolution
		Debug|Any CPU = Debug|Any CPU
		Release|Any CPU = Release|Any CPU
	EndGlobalSection
	GlobalSection(ProjectConfigurationPlatforms) = postSolution
		{0276D0E4-993B-44D6-8A83-5AAE8DFA55DB}.Debug|Any CPU.ActiveCfg = Debug|Any CPU
		{0276D0E4-993B-44D6-8A83-5AAE8DFA55DB}.Debug|Any CPU.Build.0 = Debug|Any CPU
		{0276D0E4-993B-44D6-8A83-5AAE8DFA55DB}.Release|Any CPU.ActiveCfg = Release|Any CPU
		{0276D0E4-993B-44D6-8A83-5AAE8DFA55DB}.Release|Any CPU.Build.0 = Release|Any CPU
		{63D8D175-22DF-4384-9AC0-492CCFE0640F}.Debug|Any CPU.ActiveCfg = Debug|Any CPU
		{63D8D175-22DF-4384-9AC0-492CCFE0640F}.Debug|Any CPU.Build.0 = Debug|Any CPU
		{63D8D175-22DF-4384-9AC0-492CCFE0640F}.Release|Any CPU.ActiveCfg = Release|Any CPU
		{63D8D175-22DF-4384-9AC0-492CCFE0640F}.Release|Any CPU.Build.0 = Release|Any CPU
		{23AA8ACC-0CB8-4979-9B56-CF6A51B0C9D3}.Debug|Any CPU.ActiveCfg = Debug|Any CPU
		{23AA8ACC-0CB8-4979-9B56-CF6A51B0C9D3}.Debug|Any CPU.Build.0 = Debug|Any CPU
		{23AA8ACC-0CB8-4979-9B56-CF6A51B0C9D3}.Release|Any CPU.ActiveCfg = Release|Any CPU
		{23AA8ACC-0CB8-4979-9B56-CF6A51B0C9D3}.Release|Any CPU.Build.0 = Release|Any CPU
	EndGlobalSection
	GlobalSection(SolutionProperties) = preSolution
		HideSolutionNode = FALSE
	EndGlobalSection
	GlobalSection(ExtensibilityGlobals) = postSolution
		SolutionGuid = {C92852BB-2A74-4802-85D3-B8AF5F14CD57}
	EndGlobalSection
EndGlobal
