
Microsoft Visual Studio Solution File, Format Version 12.00
# Visual Studio Version 17
VisualStudioVersion = 17.13.35919.96
MinimumVisualStudioVersion = 10.0.40219.1
Project("{FAE04EC0-301F-11D3-BF4B-00C04F79EFBC}") = "LibraryManager.API", "LibraryManager.API\LibraryManager.API.csproj", "{0276D0E4-993B-44D6-8A83-5AAE8DFA55DB}"
EndProject
Project("{FAE04EC0-301F-11D3-BF4B-00C04F79EFBC}") = "LibraryManager.Application", "LibraryManager.Application\LibraryManager.Application.csproj", "{63D8D175-22DF-4384-9AC0-492CCFE0640F}"
EndProject
Project("{FAE04EC0-301F-11D3-BF4B-00C04F79EFBC}") = "LibraryManager.Core", "LibraryManager.Core\LibraryManager.Core.csproj", "{23AA8ACC-0CB8-4979-9B56-CF6A51B0C9D3}"
EndProject
Project("{FAE04EC0-301F-11D3-BF4B-00C04F79EFBC}") = "LibraryManager.Persistence", "LibraryManager.Persistence\LibraryManager.Persistence.csproj", "{062B1953-28CE-4307-8A68-79D869E195E5}"
EndProject
Project("{2150E333-8FDC-42A3-9474-1A3956D46DE8}") = "Solution Items", "Solution Items", "{8EC462FD-D22E-90A8-E5CE-7E832BA40C5D}"
	ProjectSection(SolutionItems) = preProject
		README.md = README.md
		Tests.sql = Tests.sql
	EndProjectSection
EndProject
Project("{FAE04EC0-301F-11D3-BF4B-00C04F79EFBC}") = "LibraryManager.Infrastructure", "LibraryManager.Infrastructure\LibraryManager.Infrastructure.csproj", "{1D2ECE90-C69D-4A26-8A4D-5F3BC9FA49E7}"
EndProject
Project("{FAE04EC0-301F-11D3-BF4B-00C04F79EFBC}") = "LibraryManager.Tests", "LibraryManager.Tests\LibraryManager.Tests.csproj", "{86DFB916-4423-4260-A51A-D3DFC0C275E6}"
EndProject
Project("{E53339B2-1760-4266-BCC7-CA923CBCF16C}") = "docker-compose", "docker-compose.dcproj", "{81DDED9D-158B-E303-5F62-77A2896D2A5A}"
EndProject
Global
	GlobalSection(SolutionConfigurationPlatforms) = preSolution
		Debug|Any CPU = Debug|Any CPU
		Release|Any CPU = Release|Any CPU
	EndGlobalSection
	GlobalSection(ProjectConfigurationPlatforms) = postSolution
		{0276D0E4-993B-44D6-8A83-5AAE8DFA55DB}.Debug|Any CPU.ActiveCfg = Debug|Any CPU
		{0276D0E4-993B-44D6-8A83-5AAE8DFA55DB}.Debug|Any CPU.Build.0 = Debug|Any CPU
		{0276D0E4-993B-44D6-8A83-5AAE8DFA55DB}.Release|Any CPU.ActiveCfg = Release|Any CPU
		{0276D0E4-993B-44D6-8A83-5AAE8DFA55DB}.Release|Any CPU.Build.0 = Release|Any CPU
		{63D8D175-22DF-4384-9AC0-492CCFE0640F}.Debug|Any CPU.ActiveCfg = Debug|Any CPU
		{63D8D175-22DF-4384-9AC0-492CCFE0640F}.Debug|Any CPU.Build.0 = Debug|Any CPU
		{63D8D175-22DF-4384-9AC0-492CCFE0640F}.Release|Any CPU.ActiveCfg = Release|Any CPU
		{63D8D175-22DF-4384-9AC0-492CCFE0640F}.Release|Any CPU.Build.0 = Release|Any CPU
		{23AA8ACC-0CB8-4979-9B56-CF6A51B0C9D3}.Debug|Any CPU.ActiveCfg = Debug|Any CPU
		{23AA8ACC-0CB8-4979-9B56-CF6A51B0C9D3}.Debug|Any CPU.Build.0 = Debug|Any CPU
		{23AA8ACC-0CB8-4979-9B56-CF6A51B0C9D3}.Release|Any CPU.ActiveCfg = Release|Any CPU
		{23AA8ACC-0CB8-4979-9B56-CF6A51B0C9D3}.Release|Any CPU.Build.0 = Release|Any CPU
		{062B1953-28CE-4307-8A68-79D869E195E5}.Debug|Any CPU.ActiveCfg = Debug|Any CPU
		{062B1953-28CE-4307-8A68-79D869E195E5}.Debug|Any CPU.Build.0 = Debug|Any CPU
		{062B1953-28CE-4307-8A68-79D869E195E5}.Release|Any CPU.ActiveCfg = Release|Any CPU
		{062B1953-28CE-4307-8A68-79D869E195E5}.Release|Any CPU.Build.0 = Release|Any CPU
		{1D2ECE90-C69D-4A26-8A4D-5F3BC9FA49E7}.Debug|Any CPU.ActiveCfg = Debug|Any CPU
		{1D2ECE90-C69D-4A26-8A4D-5F3BC9FA49E7}.Debug|Any CPU.Build.0 = Debug|Any CPU
		{1D2ECE90-C69D-4A26-8A4D-5F3BC9FA49E7}.Release|Any CPU.ActiveCfg = Release|Any CPU
		{1D2ECE90-C69D-4A26-8A4D-5F3BC9FA49E7}.Release|Any CPU.Build.0 = Release|Any CPU
		{86DFB916-4423-4260-A51A-D3DFC0C275E6}.Debug|Any CPU.ActiveCfg = Debug|Any CPU
		{86DFB916-4423-4260-A51A-D3DFC0C275E6}.Debug|Any CPU.Build.0 = Debug|Any CPU
		{86DFB916-4423-4260-A51A-D3DFC0C275E6}.Release|Any CPU.ActiveCfg = Release|Any CPU
		{86DFB916-4423-4260-A51A-D3DFC0C275E6}.Release|Any CPU.Build.0 = Release|Any CPU
		{81DDED9D-158B-E303-5F62-77A2896D2A5A}.Debug|Any CPU.ActiveCfg = Debug|Any CPU
		{81DDED9D-158B-E303-5F62-77A2896D2A5A}.Debug|Any CPU.Build.0 = Debug|Any CPU
		{81DDED9D-158B-E303-5F62-77A2896D2A5A}.Release|Any CPU.ActiveCfg = Release|Any CPU
		{81DDED9D-158B-E303-5F62-77A2896D2A5A}.Release|Any CPU.Build.0 = Release|Any CPU
	EndGlobalSection
	GlobalSection(SolutionProperties) = preSolution
		HideSolutionNode = FALSE
	EndGlobalSection
	GlobalSection(ExtensibilityGlobals) = postSolution
		SolutionGuid = {C92852BB-2A74-4802-85D3-B8AF5F14CD57}
	EndGlobalSection
EndGlobal
